
Microsoft Visual Studio Solution File, Format Version 12.00
# Visual Studio Version 17
VisualStudioVersion = 17.0.31903.59
MinimumVisualStudioVersion = 10.0.40219.1
Project("{FAE04EC0-301F-11D3-BF4B-00C04F79EFBC}") = "ConsoleRayTracer", "ConsoleRayTracer\ConsoleRayTracer.csproj", "{D534D69A-D13B-4773-82B7-DA160A21CB25}"
EndProject
Project("{FAE04EC0-301F-11D3-BF4B-00C04F79EFBC}") = "Example", "Example\Example.csproj", "{BD75F05B-8D77-4996-9EB7-54477A8BB034}"
EndProject
Global
	GlobalSection(SolutionConfigurationPlatforms) = preSolution
		Debug|Any CPU = Debug|Any CPU
		Release|Any CPU = Release|Any CPU
	EndGlobalSection
	GlobalSection(SolutionProperties) = preSolution
		HideSolutionNode = FALSE
	EndGlobalSection
	GlobalSection(ProjectConfigurationPlatforms) = postSolution
		{D534D69A-D13B-4773-82B7-DA160A21CB25}.Debug|Any CPU.ActiveCfg = Debug|Any CPU
		{D534D69A-D13B-4773-82B7-DA160A21CB25}.Debug|Any CPU.Build.0 = Debug|Any CPU
		{D534D69A-D13B-4773-82B7-DA160A21CB25}.Release|Any CPU.ActiveCfg = Release|Any CPU
		{D534D69A-D13B-4773-82B7-DA160A21CB25}.Release|Any CPU.Build.0 = Release|Any CPU
		{BD75F05B-8D77-4996-9EB7-54477A8BB034}.Debug|Any CPU.ActiveCfg = Debug|Any CPU
		{BD75F05B-8D77-4996-9EB7-54477A8BB034}.Debug|Any CPU.Build.0 = Debug|Any CPU
		{BD75F05B-8D77-4996-9EB7-54477A8BB034}.Release|Any CPU.ActiveCfg = Release|Any CPU
		{BD75F05B-8D77-4996-9EB7-54477A8BB034}.Release|Any CPU.Build.0 = Release|Any CPU
	EndGlobalSection
EndGlobal
